// !$*UTF8*$!
{
	archiveVersion = 1;
	classes = {
	};
	objectVersion = 50;
	objects = {

/* Begin PBXBuildFile section */
		6C7E6B5B23C9DEBB00E08BAF /* AppDelegate.m in Sources */ = {isa = PBXBuildFile; fileRef = 6C7E6B5A23C9DEBB00E08BAF /* AppDelegate.m */; };
		6C7E6B5E23C9DEBB00E08BAF /* SceneDelegate.m in Sources */ = {isa = PBXBuildFile; fileRef = 6C7E6B5D23C9DEBB00E08BAF /* SceneDelegate.m */; };
		6C7E6B6123C9DEBB00E08BAF /* ViewController.m in Sources */ = {isa = PBXBuildFile; fileRef = 6C7E6B6023C9DEBB00E08BAF /* ViewController.m */; };
		6C7E6B6423C9DEBB00E08BAF /* Main.storyboard in Resources */ = {isa = PBXBuildFile; fileRef = 6C7E6B6223C9DEBB00E08BAF /* Main.storyboard */; };
		6C7E6B6623C9DEBB00E08BAF /* Assets.xcassets in Resources */ = {isa = PBXBuildFile; fileRef = 6C7E6B6523C9DEBB00E08BAF /* Assets.xcassets */; };
		6C7E6B6923C9DEBB00E08BAF /* LaunchScreen.storyboard in Resources */ = {isa = PBXBuildFile; fileRef = 6C7E6B6723C9DEBB00E08BAF /* LaunchScreen.storyboard */; };
		6C7E6B6C23C9DEBB00E08BAF /* main.m in Sources */ = {isa = PBXBuildFile; fileRef = 6C7E6B6B23C9DEBB00E08BAF /* main.m */; };
		6C7E6B7623C9DEBC00E08BAF /* TestingSceneDelegateObjCTests.m in Sources */ = {isa = PBXBuildFile; fileRef = 6C7E6B7523C9DEBC00E08BAF /* TestingSceneDelegateObjCTests.m */; };
		6C7E6B8223C9E2EA00E08BAF /* TestingAppDelegate.m in Sources */ = {isa = PBXBuildFile; fileRef = 6C7E6B8123C9E2EA00E08BAF /* TestingAppDelegate.m */; };
		6C7E6B8523C9E3A100E08BAF /* TestingSceneDelegate.m in Sources */ = {isa = PBXBuildFile; fileRef = 6C7E6B8423C9E3A100E08BAF /* TestingSceneDelegate.m */; };
		6C7E6B8823C9E4B300E08BAF /* TestingRootViewController.m in Sources */ = {isa = PBXBuildFile; fileRef = 6C7E6B8723C9E4B300E08BAF /* TestingRootViewController.m */; };
/* End PBXBuildFile section */

/* Begin PBXContainerItemProxy section */
		6C7E6B7223C9DEBC00E08BAF /* PBXContainerItemProxy */ = {
			isa = PBXContainerItemProxy;
			containerPortal = 6C7E6B4E23C9DEBB00E08BAF /* Project object */;
			proxyType = 1;
			remoteGlobalIDString = 6C7E6B5523C9DEBB00E08BAF;
			remoteInfo = TestingSceneDelegateObjC;
		};
/* End PBXContainerItemProxy section */

/* Begin PBXFileReference section */
		6C7E6B5623C9DEBB00E08BAF /* TestingSceneDelegateObjC.app */ = {isa = PBXFileReference; explicitFileType = wrapper.application; includeInIndex = 0; path = TestingSceneDelegateObjC.app; sourceTree = BUILT_PRODUCTS_DIR; };
		6C7E6B5923C9DEBB00E08BAF /* AppDelegate.h */ = {isa = PBXFileReference; lastKnownFileType = sourcecode.c.h; path = AppDelegate.h; sourceTree = "<group>"; };
		6C7E6B5A23C9DEBB00E08BAF /* AppDelegate.m */ = {isa = PBXFileReference; lastKnownFileType = sourcecode.c.objc; path = AppDelegate.m; sourceTree = "<group>"; };
		6C7E6B5C23C9DEBB00E08BAF /* SceneDelegate.h */ = {isa = PBXFileReference; lastKnownFileType = sourcecode.c.h; path = SceneDelegate.h; sourceTree = "<group>"; };
		6C7E6B5D23C9DEBB00E08BAF /* SceneDelegate.m */ = {isa = PBXFileReference; lastKnownFileType = sourcecode.c.objc; path = SceneDelegate.m; sourceTree = "<group>"; };
		6C7E6B5F23C9DEBB00E08BAF /* ViewController.h */ = {isa = PBXFileReference; lastKnownFileType = sourcecode.c.h; path = ViewController.h; sourceTree = "<group>"; };
		6C7E6B6023C9DEBB00E08BAF /* ViewController.m */ = {isa = PBXFileReference; lastKnownFileType = sourcecode.c.objc; path = ViewController.m; sourceTree = "<group>"; };
		6C7E6B6323C9DEBB00E08BAF /* Base */ = {isa = PBXFileReference; lastKnownFileType = file.storyboard; name = Base; path = Base.lproj/Main.storyboard; sourceTree = "<group>"; };
		6C7E6B6523C9DEBB00E08BAF /* Assets.xcassets */ = {isa = PBXFileReference; lastKnownFileType = folder.assetcatalog; path = Assets.xcassets; sourceTree = "<group>"; };
		6C7E6B6823C9DEBB00E08BAF /* Base */ = {isa = PBXFileReference; lastKnownFileType = file.storyboard; name = Base; path = Base.lproj/LaunchScreen.storyboard; sourceTree = "<group>"; };
		6C7E6B6A23C9DEBB00E08BAF /* Info.plist */ = {isa = PBXFileReference; lastKnownFileType = text.plist.xml; path = Info.plist; sourceTree = "<group>"; };
		6C7E6B6B23C9DEBB00E08BAF /* main.m */ = {isa = PBXFileReference; lastKnownFileType = sourcecode.c.objc; path = main.m; sourceTree = "<group>"; };
		6C7E6B7123C9DEBC00E08BAF /* TestingSceneDelegateObjCTests.xctest */ = {isa = PBXFileReference; explicitFileType = wrapper.cfbundle; includeInIndex = 0; path = TestingSceneDelegateObjCTests.xctest; sourceTree = BUILT_PRODUCTS_DIR; };
		6C7E6B7523C9DEBC00E08BAF /* TestingSceneDelegateObjCTests.m */ = {isa = PBXFileReference; lastKnownFileType = sourcecode.c.objc; path = TestingSceneDelegateObjCTests.m; sourceTree = "<group>"; };
		6C7E6B7723C9DEBC00E08BAF /* Info.plist */ = {isa = PBXFileReference; lastKnownFileType = text.plist.xml; path = Info.plist; sourceTree = "<group>"; };
		6C7E6B8023C9E2EA00E08BAF /* TestingAppDelegate.h */ = {isa = PBXFileReference; lastKnownFileType = sourcecode.c.h; path = TestingAppDelegate.h; sourceTree = "<group>"; };
		6C7E6B8123C9E2EA00E08BAF /* TestingAppDelegate.m */ = {isa = PBXFileReference; lastKnownFileType = sourcecode.c.objc; path = TestingAppDelegate.m; sourceTree = "<group>"; };
		6C7E6B8323C9E3A100E08BAF /* TestingSceneDelegate.h */ = {isa = PBXFileReference; lastKnownFileType = sourcecode.c.h; path = TestingSceneDelegate.h; sourceTree = "<group>"; };
		6C7E6B8423C9E3A100E08BAF /* TestingSceneDelegate.m */ = {isa = PBXFileReference; lastKnownFileType = sourcecode.c.objc; path = TestingSceneDelegate.m; sourceTree = "<group>"; };
		6C7E6B8623C9E4B300E08BAF /* TestingRootViewController.h */ = {isa = PBXFileReference; lastKnownFileType = sourcecode.c.h; path = TestingRootViewController.h; sourceTree = "<group>"; };
		6C7E6B8723C9E4B300E08BAF /* TestingRootViewController.m */ = {isa = PBXFileReference; lastKnownFileType = sourcecode.c.objc; path = TestingRootViewController.m; sourceTree = "<group>"; };
		6C7E6B8923C9EE7400E08BAF /* README.md */ = {isa = PBXFileReference; lastKnownFileType = net.daringfireball.markdown; path = README.md; sourceTree = "<group>"; };
		6C7E6B8A23C9EE7400E08BAF /* LICENSE */ = {isa = PBXFileReference; lastKnownFileType = text; path = LICENSE; sourceTree = "<group>"; };
/* End PBXFileReference section */

/* Begin PBXFrameworksBuildPhase section */
		6C7E6B5323C9DEBB00E08BAF /* Frameworks */ = {
			isa = PBXFrameworksBuildPhase;
			buildActionMask = 2147483647;
			files = (
			);
			runOnlyForDeploymentPostprocessing = 0;
		};
		6C7E6B6E23C9DEBC00E08BAF /* Frameworks */ = {
			isa = PBXFrameworksBuildPhase;
			buildActionMask = 2147483647;
			files = (
			);
			runOnlyForDeploymentPostprocessing = 0;
		};
/* End PBXFrameworksBuildPhase section */

/* Begin PBXGroup section */
		6C7E6B4D23C9DEBB00E08BAF = {
			isa = PBXGroup;
			children = (
				6C7E6B8923C9EE7400E08BAF /* README.md */,
				6C7E6B8A23C9EE7400E08BAF /* LICENSE */,
				6C7E6B5823C9DEBB00E08BAF /* TestingSceneDelegateObjC */,
				6C7E6B7423C9DEBC00E08BAF /* TestingSceneDelegateObjCTests */,
				6C7E6B5723C9DEBB00E08BAF /* Products */,
			);
			sourceTree = "<group>";
		};
		6C7E6B5723C9DEBB00E08BAF /* Products */ = {
			isa = PBXGroup;
			children = (
				6C7E6B5623C9DEBB00E08BAF /* TestingSceneDelegateObjC.app */,
				6C7E6B7123C9DEBC00E08BAF /* TestingSceneDelegateObjCTests.xctest */,
			);
			name = Products;
			sourceTree = "<group>";
		};
		6C7E6B5823C9DEBB00E08BAF /* TestingSceneDelegateObjC */ = {
			isa = PBXGroup;
			children = (
				6C7E6B5923C9DEBB00E08BAF /* AppDelegate.h */,
				6C7E6B5A23C9DEBB00E08BAF /* AppDelegate.m */,
				6C7E6B5C23C9DEBB00E08BAF /* SceneDelegate.h */,
				6C7E6B5D23C9DEBB00E08BAF /* SceneDelegate.m */,
				6C7E6B5F23C9DEBB00E08BAF /* ViewController.h */,
				6C7E6B6023C9DEBB00E08BAF /* ViewController.m */,
				6C7E6B6223C9DEBB00E08BAF /* Main.storyboard */,
				6C7E6B6523C9DEBB00E08BAF /* Assets.xcassets */,
				6C7E6B6723C9DEBB00E08BAF /* LaunchScreen.storyboard */,
				6C7E6B6A23C9DEBB00E08BAF /* Info.plist */,
				6C7E6B6B23C9DEBB00E08BAF /* main.m */,
			);
			path = TestingSceneDelegateObjC;
			sourceTree = "<group>";
		};
		6C7E6B7423C9DEBC00E08BAF /* TestingSceneDelegateObjCTests */ = {
			isa = PBXGroup;
			children = (
				6C7E6B8023C9E2EA00E08BAF /* TestingAppDelegate.h */,
				6C7E6B8123C9E2EA00E08BAF /* TestingAppDelegate.m */,
				6C7E6B8323C9E3A100E08BAF /* TestingSceneDelegate.h */,
				6C7E6B8423C9E3A100E08BAF /* TestingSceneDelegate.m */,
				6C7E6B8623C9E4B300E08BAF /* TestingRootViewController.h */,
				6C7E6B8723C9E4B300E08BAF /* TestingRootViewController.m */,
				6C7E6B7523C9DEBC00E08BAF /* TestingSceneDelegateObjCTests.m */,
				6C7E6B7723C9DEBC00E08BAF /* Info.plist */,
			);
			path = TestingSceneDelegateObjCTests;
			sourceTree = "<group>";
		};
/* End PBXGroup section */

/* Begin PBXNativeTarget section */
		6C7E6B5523C9DEBB00E08BAF /* TestingSceneDelegateObjC */ = {
			isa = PBXNativeTarget;
			buildConfigurationList = 6C7E6B7A23C9DEBC00E08BAF /* Build configuration list for PBXNativeTarget "TestingSceneDelegateObjC" */;
			buildPhases = (
				6C7E6B5223C9DEBB00E08BAF /* Sources */,
				6C7E6B5323C9DEBB00E08BAF /* Frameworks */,
				6C7E6B5423C9DEBB00E08BAF /* Resources */,
			);
			buildRules = (
			);
			dependencies = (
			);
			name = TestingSceneDelegateObjC;
			productName = TestingSceneDelegateObjC;
			productReference = 6C7E6B5623C9DEBB00E08BAF /* TestingSceneDelegateObjC.app */;
			productType = "com.apple.product-type.application";
		};
		6C7E6B7023C9DEBC00E08BAF /* TestingSceneDelegateObjCTests */ = {
			isa = PBXNativeTarget;
			buildConfigurationList = 6C7E6B7D23C9DEBC00E08BAF /* Build configuration list for PBXNativeTarget "TestingSceneDelegateObjCTests" */;
			buildPhases = (
				6C7E6B6D23C9DEBC00E08BAF /* Sources */,
				6C7E6B6E23C9DEBC00E08BAF /* Frameworks */,
				6C7E6B6F23C9DEBC00E08BAF /* Resources */,
			);
			buildRules = (
			);
			dependencies = (
				6C7E6B7323C9DEBC00E08BAF /* PBXTargetDependency */,
			);
			name = TestingSceneDelegateObjCTests;
			productName = TestingSceneDelegateObjCTests;
			productReference = 6C7E6B7123C9DEBC00E08BAF /* TestingSceneDelegateObjCTests.xctest */;
			productType = "com.apple.product-type.bundle.unit-test";
		};
/* End PBXNativeTarget section */

/* Begin PBXProject section */
		6C7E6B4E23C9DEBB00E08BAF /* Project object */ = {
			isa = PBXProject;
			attributes = {
				LastUpgradeCheck = 1130;
				ORGANIZATIONNAME = Hacknicity;
				TargetAttributes = {
					6C7E6B5523C9DEBB00E08BAF = {
						CreatedOnToolsVersion = 11.3;
					};
					6C7E6B7023C9DEBC00E08BAF = {
						CreatedOnToolsVersion = 11.3;
						TestTargetID = 6C7E6B5523C9DEBB00E08BAF;
					};
				};
			};
			buildConfigurationList = 6C7E6B5123C9DEBB00E08BAF /* Build configuration list for PBXProject "TestingSceneDelegateObjC" */;
			compatibilityVersion = "Xcode 9.3";
			developmentRegion = en;
			hasScannedForEncodings = 0;
			knownRegions = (
				en,
				Base,
			);
			mainGroup = 6C7E6B4D23C9DEBB00E08BAF;
			productRefGroup = 6C7E6B5723C9DEBB00E08BAF /* Products */;
			projectDirPath = "";
			projectRoot = "";
			targets = (
				6C7E6B5523C9DEBB00E08BAF /* TestingSceneDelegateObjC */,
				6C7E6B7023C9DEBC00E08BAF /* TestingSceneDelegateObjCTests */,
			);
		};
/* End PBXProject section */

/* Begin PBXResourcesBuildPhase section */
		6C7E6B5423C9DEBB00E08BAF /* Resources */ = {
			isa = PBXResourcesBuildPhase;
			buildActionMask = 2147483647;
			files = (
				6C7E6B6923C9DEBB00E08BAF /* LaunchScreen.storyboard in Resources */,
				6C7E6B6623C9DEBB00E08BAF /* Assets.xcassets in Resources */,
				6C7E6B6423C9DEBB00E08BAF /* Main.storyboard in Resources */,
			);
			runOnlyForDeploymentPostprocessing = 0;
		};
		6C7E6B6F23C9DEBC00E08BAF /* Resources */ = {
			isa = PBXResourcesBuildPhase;
			buildActionMask = 2147483647;
			files = (
			);
			runOnlyForDeploymentPostprocessing = 0;
		};
/* End PBXResourcesBuildPhase section */

/* Begin PBXSourcesBuildPhase section */
		6C7E6B5223C9DEBB00E08BAF /* Sources */ = {
			isa = PBXSourcesBuildPhase;
			buildActionMask = 2147483647;
			files = (
				6C7E6B6123C9DEBB00E08BAF /* ViewController.m in Sources */,
				6C7E6B5B23C9DEBB00E08BAF /* AppDelegate.m in Sources */,
				6C7E6B6C23C9DEBB00E08BAF /* main.m in Sources */,
				6C7E6B5E23C9DEBB00E08BAF /* SceneDelegate.m in Sources */,
			);
			runOnlyForDeploymentPostprocessing = 0;
		};
		6C7E6B6D23C9DEBC00E08BAF /* Sources */ = {
			isa = PBXSourcesBuildPhase;
			buildActionMask = 2147483647;
			files = (
				6C7E6B7623C9DEBC00E08BAF /* TestingSceneDelegateObjCTests.m in Sources */,
				6C7E6B8523C9E3A100E08BAF /* TestingSceneDelegate.m in Sources */,
				6C7E6B8223C9E2EA00E08BAF /* TestingAppDelegate.m in Sources */,
				6C7E6B8823C9E4B300E08BAF /* TestingRootViewController.m in Sources */,
			);
			runOnlyForDeploymentPostprocessing = 0;
		};
/* End PBXSourcesBuildPhase section */

/* Begin PBXTargetDependency section */
		6C7E6B7323C9DEBC00E08BAF /* PBXTargetDependency */ = {
			isa = PBXTargetDependency;
			target = 6C7E6B5523C9DEBB00E08BAF /* TestingSceneDelegateObjC */;
			targetProxy = 6C7E6B7223C9DEBC00E08BAF /* PBXContainerItemProxy */;
		};
/* End PBXTargetDependency section */

/* Begin PBXVariantGroup section */
		6C7E6B6223C9DEBB00E08BAF /* Main.storyboard */ = {
			isa = PBXVariantGroup;
			children = (
				6C7E6B6323C9DEBB00E08BAF /* Base */,
			);
			name = Main.storyboard;
			sourceTree = "<group>";
		};
		6C7E6B6723C9DEBB00E08BAF /* LaunchScreen.storyboard */ = {
			isa = PBXVariantGroup;
			children = (
				6C7E6B6823C9DEBB00E08BAF /* Base */,
			);
			name = LaunchScreen.storyboard;
			sourceTree = "<group>";
		};
/* End PBXVariantGroup section */

/* Begin XCBuildConfiguration section */
		6C7E6B7823C9DEBC00E08BAF /* Debug */ = {
			isa = XCBuildConfiguration;
			buildSettings = {
				ALWAYS_SEARCH_USER_PATHS = NO;
				CLANG_ANALYZER_NONNULL = YES;
				CLANG_ANALYZER_NUMBER_OBJECT_CONVERSION = YES_AGGRESSIVE;
				CLANG_CXX_LANGUAGE_STANDARD = "gnu++14";
				CLANG_CXX_LIBRARY = "libc++";
				CLANG_ENABLE_MODULES = YES;
				CLANG_ENABLE_OBJC_ARC = YES;
				CLANG_ENABLE_OBJC_WEAK = YES;
				CLANG_WARN_BLOCK_CAPTURE_AUTORELEASING = YES;
				CLANG_WARN_BOOL_CONVERSION = YES;
				CLANG_WARN_COMMA = YES;
				CLANG_WARN_CONSTANT_CONVERSION = YES;
				CLANG_WARN_DEPRECATED_OBJC_IMPLEMENTATIONS = YES;
				CLANG_WARN_DIRECT_OBJC_ISA_USAGE = YES_ERROR;
				CLANG_WARN_DOCUMENTATION_COMMENTS = YES;
				CLANG_WARN_EMPTY_BODY = YES;
				CLANG_WARN_ENUM_CONVERSION = YES;
				CLANG_WARN_INFINITE_RECURSION = YES;
				CLANG_WARN_INT_CONVERSION = YES;
				CLANG_WARN_NON_LITERAL_NULL_CONVERSION = YES;
				CLANG_WARN_OBJC_IMPLICIT_RETAIN_SELF = YES;
				CLANG_WARN_OBJC_LITERAL_CONVERSION = YES;
				CLANG_WARN_OBJC_ROOT_CLASS = YES_ERROR;
				CLANG_WARN_RANGE_LOOP_ANALYSIS = YES;
				CLANG_WARN_STRICT_PROTOTYPES = YES;
				CLANG_WARN_SUSPICIOUS_MOVE = YES;
				CLANG_WARN_UNGUARDED_AVAILABILITY = YES_AGGRESSIVE;
				CLANG_WARN_UNREACHABLE_CODE = YES;
				CLANG_WARN__DUPLICATE_METHOD_MATCH = YES;
				COPY_PHASE_STRIP = NO;
				DEBUG_INFORMATION_FORMAT = dwarf;
				ENABLE_STRICT_OBJC_MSGSEND = YES;
				ENABLE_TESTABILITY = YES;
				GCC_C_LANGUAGE_STANDARD = gnu11;
				GCC_DYNAMIC_NO_PIC = NO;
				GCC_NO_COMMON_BLOCKS = YES;
				GCC_OPTIMIZATION_LEVEL = 0;
				GCC_PREPROCESSOR_DEFINITIONS = (
					"DEBUG=1",
					"$(inherited)",
				);
				GCC_WARN_64_TO_32_BIT_CONVERSION = YES;
				GCC_WARN_ABOUT_RETURN_TYPE = YES_ERROR;
				GCC_WARN_UNDECLARED_SELECTOR = YES;
				GCC_WARN_UNINITIALIZED_AUTOS = YES_AGGRESSIVE;
				GCC_WARN_UNUSED_FUNCTION = YES;
				GCC_WARN_UNUSED_VARIABLE = YES;
				IPHONEOS_DEPLOYMENT_TARGET = 11.0;
				MTL_ENABLE_DEBUG_INFO = INCLUDE_SOURCE;
				MTL_FAST_MATH = YES;
				ONLY_ACTIVE_ARCH = YES;
				SDKROOT = iphoneos;
			};
			name = Debug;
		};
		6C7E6B7923C9DEBC00E08BAF /* Release */ = {
			isa = XCBuildConfiguration;
			buildSettings = {
				ALWAYS_SEARCH_USER_PATHS = NO;
				CLANG_ANALYZER_NONNULL = YES;
				CLANG_ANALYZER_NUMBER_OBJECT_CONVERSION = YES_AGGRESSIVE;
				CLANG_CXX_LANGUAGE_STANDARD = "gnu++14";
				CLANG_CXX_LIBRARY = "libc++";
				CLANG_ENABLE_MODULES = YES;
				CLANG_ENABLE_OBJC_ARC = YES;
				CLANG_ENABLE_OBJC_WEAK = YES;
				CLANG_WARN_BLOCK_CAPTURE_AUTORELEASING = YES;
				CLANG_WARN_BOOL_CONVERSION = YES;
				CLANG_WARN_COMMA = YES;
				CLANG_WARN_CONSTANT_CONVERSION = YES;
				CLANG_WARN_DEPRECATED_OBJC_IMPLEMENTATIONS = YES;
				CLANG_WARN_DIRECT_OBJC_ISA_USAGE = YES_ERROR;
				CLANG_WARN_DOCUMENTATION_COMMENTS = YES;
				CLANG_WARN_EMPTY_BODY = YES;
				CLANG_WARN_ENUM_CONVERSION = YES;
				CLANG_WARN_INFINITE_RECURSION = YES;
				CLANG_WARN_INT_CONVERSION = YES;
				CLANG_WARN_NON_LITERAL_NULL_CONVERSION = YES;
				CLANG_WARN_OBJC_IMPLICIT_RETAIN_SELF = YES;
				CLANG_WARN_OBJC_LITERAL_CONVERSION = YES;
				CLANG_WARN_OBJC_ROOT_CLASS = YES_ERROR;
				CLANG_WARN_RANGE_LOOP_ANALYSIS = YES;
				CLANG_WARN_STRICT_PROTOTYPES = YES;
				CLANG_WARN_SUSPICIOUS_MOVE = YES;
				CLANG_WARN_UNGUARDED_AVAILABILITY = YES_AGGRESSIVE;
				CLANG_WARN_UNREACHABLE_CODE = YES;
				CLANG_WARN__DUPLICATE_METHOD_MATCH = YES;
				COPY_PHASE_STRIP = NO;
				DEBUG_INFORMATION_FORMAT = "dwarf-with-dsym";
				ENABLE_NS_ASSERTIONS = NO;
				ENABLE_STRICT_OBJC_MSGSEND = YES;
				GCC_C_LANGUAGE_STANDARD = gnu11;
				GCC_NO_COMMON_BLOCKS = YES;
				GCC_WARN_64_TO_32_BIT_CONVERSION = YES;
				GCC_WARN_ABOUT_RETURN_TYPE = YES_ERROR;
				GCC_WARN_UNDECLARED_SELECTOR = YES;
				GCC_WARN_UNINITIALIZED_AUTOS = YES_AGGRESSIVE;
				GCC_WARN_UNUSED_FUNCTION = YES;
				GCC_WARN_UNUSED_VARIABLE = YES;
				IPHONEOS_DEPLOYMENT_TARGET = 11.0;
				MTL_ENABLE_DEBUG_INFO = NO;
				MTL_FAST_MATH = YES;
				SDKROOT = iphoneos;
				VALIDATE_PRODUCT = YES;
			};
			name = Release;
		};
		6C7E6B7B23C9DEBC00E08BAF /* Debug */ = {
			isa = XCBuildConfiguration;
			buildSettings = {
				ASSETCATALOG_COMPILER_APPICON_NAME = AppIcon;
				CODE_SIGN_STYLE = Automatic;
				DEVELOPMENT_TEAM = "";
				INFOPLIST_FILE = TestingSceneDelegateObjC/Info.plist;
				LD_RUNPATH_SEARCH_PATHS = (
					"$(inherited)",
					"@executable_path/Frameworks",
				);
				PRODUCT_BUNDLE_IDENTIFIER = com.hacknicity.TestingSceneDelegateObjC;
				PRODUCT_NAME = "$(TARGET_NAME)";
				TARGETED_DEVICE_FAMILY = "1,2";
			};
			name = Debug;
		};
		6C7E6B7C23C9DEBC00E08BAF /* Release */ = {
			isa = XCBuildConfiguration;
			buildSettings = {
				ASSETCATALOG_COMPILER_APPICON_NAME = AppIcon;
				CODE_SIGN_STYLE = Automatic;
				DEVELOPMENT_TEAM = "";
				INFOPLIST_FILE = TestingSceneDelegateObjC/Info.plist;
				LD_RUNPATH_SEARCH_PATHS = (
					"$(inherited)",
					"@executable_path/Frameworks",
				);
				PRODUCT_BUNDLE_IDENTIFIER = com.hacknicity.TestingSceneDelegateObjC;
				PRODUCT_NAME = "$(TARGET_NAME)";
				TARGETED_DEVICE_FAMILY = "1,2";
			};
			name = Release;
		};
		6C7E6B7E23C9DEBC00E08BAF /* Debug */ = {
			isa = XCBuildConfiguration;
			buildSettings = {
				BUNDLE_LOADER = "$(TEST_HOST)";
				CODE_SIGN_STYLE = Automatic;
				DEVELOPMENT_TEAM = "";
				INFOPLIST_FILE = TestingSceneDelegateObjCTests/Info.plist;
				IPHONEOS_DEPLOYMENT_TARGET = "${inherited}";
				LD_RUNPATH_SEARCH_PATHS = (
					"$(inherited)",
					"@executable_path/Frameworks",
					"@loader_path/Frameworks",
				);
				PRODUCT_BUNDLE_IDENTIFIER = com.hacknicity.TestingSceneDelegateObjCTests;
				PRODUCT_NAME = "$(TARGET_NAME)";
				TARGETED_DEVICE_FAMILY = "1,2";
				TEST_HOST = "$(BUILT_PRODUCTS_DIR)/TestingSceneDelegateObjC.app/TestingSceneDelegateObjC";
			};
			name = Debug;
		};
		6C7E6B7F23C9DEBC00E08BAF /* Release */ = {
			isa = XCBuildConfiguration;
			buildSettings = {
				BUNDLE_LOADER = "$(TEST_HOST)";
				CODE_SIGN_STYLE = Automatic;
				DEVELOPMENT_TEAM = "";
				INFOPLIST_FILE = TestingSceneDelegateObjCTests/Info.plist;
				IPHONEOS_DEPLOYMENT_TARGET = "${inherited}";
				LD_RUNPATH_SEARCH_PATHS = (
					"$(inherited)",
					"@executable_path/Frameworks",
					"@loader_path/Frameworks",
				);
				PRODUCT_BUNDLE_IDENTIFIER = com.hacknicity.TestingSceneDelegateObjCTests;
				PRODUCT_NAME = "$(TARGET_NAME)";
				TARGETED_DEVICE_FAMILY = "1,2";
				TEST_HOST = "$(BUILT_PRODUCTS_DIR)/TestingSceneDelegateObjC.app/TestingSceneDelegateObjC";
			};
			name = Release;
		};
/* End XCBuildConfiguration section */

/* Begin XCConfigurationList section */
		6C7E6B5123C9DEBB00E08BAF /* Build configuration list for PBXProject "TestingSceneDelegateObjC" */ = {
			isa = XCConfigurationList;
			buildConfigurations = (
				6C7E6B7823C9DEBC00E08BAF /* Debug */,
				6C7E6B7923C9DEBC00E08BAF /* Release */,
			);
			defaultConfigurationIsVisible = 0;
			defaultConfigurationName = Release;
		};
		6C7E6B7A23C9DEBC00E08BAF /* Build configuration list for PBXNativeTarget "TestingSceneDelegateObjC" */ = {
			isa = XCConfigurationList;
			buildConfigurations = (
				6C7E6B7B23C9DEBC00E08BAF /* Debug */,
				6C7E6B7C23C9DEBC00E08BAF /* Release */,
			);
			defaultConfigurationIsVisible = 0;
			defaultConfigurationName = Release;
		};
		6C7E6B7D23C9DEBC00E08BAF /* Build configuration list for PBXNativeTarget "TestingSceneDelegateObjCTests" */ = {
			isa = XCConfigurationList;
			buildConfigurations = (
				6C7E6B7E23C9DEBC00E08BAF /* Debug */,
				6C7E6B7F23C9DEBC00E08BAF /* Release */,
			);
			defaultConfigurationIsVisible = 0;
			defaultConfigurationName = Release;
		};
/* End XCConfigurationList section */
	};
	rootObject = 6C7E6B4E23C9DEBB00E08BAF /* Project object */;
}
